// !$*UTF8*$!
{
	archiveVersion = 1;
	classes = {
	};
	objectVersion = 46;
	objects = {

/* Begin PBXBuildFile section */
		BDA4B67A1F1A6AF8008E6FB0 /* AppDelegate.swift in Sources */ = {isa = PBXBuildFile; fileRef = BDA4B6791F1A6AF8008E6FB0 /* AppDelegate.swift */; };
		BDA4B67C1F1A6AF8008E6FB0 /* ViewController.swift in Sources */ = {isa = PBXBuildFile; fileRef = BDA4B67B1F1A6AF8008E6FB0 /* ViewController.swift */; };
		BDA4B67F1F1A6AF8008E6FB0 /* Main.storyboard in Resources */ = {isa = PBXBuildFile; fileRef = BDA4B67D1F1A6AF8008E6FB0 /* Main.storyboard */; };
		BDA4B6821F1A6AF9008E6FB0 /* babytrends.xcdatamodeld in Sources */ = {isa = PBXBuildFile; fileRef = BDA4B6801F1A6AF8008E6FB0 /* babytrends.xcdatamodeld */; };
		BDA4B6841F1A6AF9008E6FB0 /* Assets.xcassets in Resources */ = {isa = PBXBuildFile; fileRef = BDA4B6831F1A6AF9008E6FB0 /* Assets.xcassets */; };
		BDA4B6871F1A6AF9008E6FB0 /* LaunchScreen.storyboard in Resources */ = {isa = PBXBuildFile; fileRef = BDA4B6851F1A6AF9008E6FB0 /* LaunchScreen.storyboard */; };
		BDA4B6921F1A6AF9008E6FB0 /* babytrendsTests.swift in Sources */ = {isa = PBXBuildFile; fileRef = BDA4B6911F1A6AF9008E6FB0 /* babytrendsTests.swift */; };
		BDA4B69D1F1A6AF9008E6FB0 /* babytrendsUITests.swift in Sources */ = {isa = PBXBuildFile; fileRef = BDA4B69C1F1A6AF9008E6FB0 /* babytrendsUITests.swift */; };
/* End PBXBuildFile section */

/* Begin PBXContainerItemProxy section */
		BDA4B68E1F1A6AF9008E6FB0 /* PBXContainerItemProxy */ = {
			isa = PBXContainerItemProxy;
			containerPortal = BDA4B66E1F1A6AF8008E6FB0 /* Project object */;
			proxyType = 1;
			remoteGlobalIDString = BDA4B6751F1A6AF8008E6FB0;
			remoteInfo = babytrends;
		};
		BDA4B6991F1A6AF9008E6FB0 /* PBXContainerItemProxy */ = {
			isa = PBXContainerItemProxy;
			containerPortal = BDA4B66E1F1A6AF8008E6FB0 /* Project object */;
			proxyType = 1;
			remoteGlobalIDString = BDA4B6751F1A6AF8008E6FB0;
			remoteInfo = babytrends;
		};
/* End PBXContainerItemProxy section */

/* Begin PBXFileReference section */
		BDA4B6761F1A6AF8008E6FB0 /* babytrends.app */ = {isa = PBXFileReference; explicitFileType = wrapper.application; includeInIndex = 0; path = babytrends.app; sourceTree = BUILT_PRODUCTS_DIR; };
		BDA4B6791F1A6AF8008E6FB0 /* AppDelegate.swift */ = {isa = PBXFileReference; lastKnownFileType = sourcecode.swift; path = AppDelegate.swift; sourceTree = "<group>"; };
		BDA4B67B1F1A6AF8008E6FB0 /* ViewController.swift */ = {isa = PBXFileReference; lastKnownFileType = sourcecode.swift; path = ViewController.swift; sourceTree = "<group>"; };
		BDA4B67E1F1A6AF8008E6FB0 /* Base */ = {isa = PBXFileReference; lastKnownFileType = file.storyboard; name = Base; path = Base.lproj/Main.storyboard; sourceTree = "<group>"; };
		BDA4B6811F1A6AF8008E6FB0 /* babytrends.xcdatamodel */ = {isa = PBXFileReference; lastKnownFileType = wrapper.xcdatamodel; path = babytrends.xcdatamodel; sourceTree = "<group>"; };
		BDA4B6831F1A6AF9008E6FB0 /* Assets.xcassets */ = {isa = PBXFileReference; lastKnownFileType = folder.assetcatalog; path = Assets.xcassets; sourceTree = "<group>"; };
		BDA4B6861F1A6AF9008E6FB0 /* Base */ = {isa = PBXFileReference; lastKnownFileType = file.storyboard; name = Base; path = Base.lproj/LaunchScreen.storyboard; sourceTree = "<group>"; };
		BDA4B6881F1A6AF9008E6FB0 /* Info.plist */ = {isa = PBXFileReference; lastKnownFileType = text.plist.xml; path = Info.plist; sourceTree = "<group>"; };
		BDA4B68D1F1A6AF9008E6FB0 /* babytrendsTests.xctest */ = {isa = PBXFileReference; explicitFileType = wrapper.cfbundle; includeInIndex = 0; path = babytrendsTests.xctest; sourceTree = BUILT_PRODUCTS_DIR; };
		BDA4B6911F1A6AF9008E6FB0 /* babytrendsTests.swift */ = {isa = PBXFileReference; lastKnownFileType = sourcecode.swift; path = babytrendsTests.swift; sourceTree = "<group>"; };
		BDA4B6931F1A6AF9008E6FB0 /* Info.plist */ = {isa = PBXFileReference; lastKnownFileType = text.plist.xml; path = Info.plist; sourceTree = "<group>"; };
		BDA4B6981F1A6AF9008E6FB0 /* babytrendsUITests.xctest */ = {isa = PBXFileReference; explicitFileType = wrapper.cfbundle; includeInIndex = 0; path = babytrendsUITests.xctest; sourceTree = BUILT_PRODUCTS_DIR; };
		BDA4B69C1F1A6AF9008E6FB0 /* babytrendsUITests.swift */ = {isa = PBXFileReference; lastKnownFileType = sourcecode.swift; path = babytrendsUITests.swift; sourceTree = "<group>"; };
		BDA4B69E1F1A6AF9008E6FB0 /* Info.plist */ = {isa = PBXFileReference; lastKnownFileType = text.plist.xml; path = Info.plist; sourceTree = "<group>"; };
/* End PBXFileReference section */

/* Begin PBXFrameworksBuildPhase section */
		BDA4B6731F1A6AF8008E6FB0 /* Frameworks */ = {
			isa = PBXFrameworksBuildPhase;
			buildActionMask = 2147483647;
			files = (
			);
			runOnlyForDeploymentPostprocessing = 0;
		};
		BDA4B68A1F1A6AF9008E6FB0 /* Frameworks */ = {
			isa = PBXFrameworksBuildPhase;
			buildActionMask = 2147483647;
			files = (
			);
			runOnlyForDeploymentPostprocessing = 0;
		};
		BDA4B6951F1A6AF9008E6FB0 /* Frameworks */ = {
			isa = PBXFrameworksBuildPhase;
			buildActionMask = 2147483647;
			files = (
			);
			runOnlyForDeploymentPostprocessing = 0;
		};
/* End PBXFrameworksBuildPhase section */

/* Begin PBXGroup section */
		BDA4B66D1F1A6AF8008E6FB0 = {
			isa = PBXGroup;
			children = (
				BDA4B6781F1A6AF8008E6FB0 /* babytrends */,
				BDA4B6901F1A6AF9008E6FB0 /* babytrendsTests */,
				BDA4B69B1F1A6AF9008E6FB0 /* babytrendsUITests */,
				BDA4B6771F1A6AF8008E6FB0 /* Products */,
			);
			sourceTree = "<group>";
		};
		BDA4B6771F1A6AF8008E6FB0 /* Products */ = {
			isa = PBXGroup;
			children = (
				BDA4B6761F1A6AF8008E6FB0 /* babytrends.app */,
				BDA4B68D1F1A6AF9008E6FB0 /* babytrendsTests.xctest */,
				BDA4B6981F1A6AF9008E6FB0 /* babytrendsUITests.xctest */,
			);
			name = Products;
			sourceTree = "<group>";
		};
		BDA4B6781F1A6AF8008E6FB0 /* babytrends */ = {
			isa = PBXGroup;
			children = (
				BDA4B6791F1A6AF8008E6FB0 /* AppDelegate.swift */,
				BDA4B67B1F1A6AF8008E6FB0 /* ViewController.swift */,
				BDA4B67D1F1A6AF8008E6FB0 /* Main.storyboard */,
				BDA4B6831F1A6AF9008E6FB0 /* Assets.xcassets */,
				BDA4B6851F1A6AF9008E6FB0 /* LaunchScreen.storyboard */,
				BDA4B6881F1A6AF9008E6FB0 /* Info.plist */,
				BDA4B6801F1A6AF8008E6FB0 /* babytrends.xcdatamodeld */,
			);
			path = babytrends;
			sourceTree = "<group>";
		};
		BDA4B6901F1A6AF9008E6FB0 /* babytrendsTests */ = {
			isa = PBXGroup;
			children = (
				BDA4B6911F1A6AF9008E6FB0 /* babytrendsTests.swift */,
				BDA4B6931F1A6AF9008E6FB0 /* Info.plist */,
			);
			path = babytrendsTests;
			sourceTree = "<group>";
		};
		BDA4B69B1F1A6AF9008E6FB0 /* babytrendsUITests */ = {
			isa = PBXGroup;
			children = (
				BDA4B69C1F1A6AF9008E6FB0 /* babytrendsUITests.swift */,
				BDA4B69E1F1A6AF9008E6FB0 /* Info.plist */,
			);
			path = babytrendsUITests;
			sourceTree = "<group>";
		};
/* End PBXGroup section */

/* Begin PBXNativeTarget section */
		BDA4B6751F1A6AF8008E6FB0 /* babytrends */ = {
			isa = PBXNativeTarget;
			buildConfigurationList = BDA4B6A11F1A6AF9008E6FB0 /* Build configuration list for PBXNativeTarget "babytrends" */;
			buildPhases = (
				BDA4B6721F1A6AF8008E6FB0 /* Sources */,
				BDA4B6731F1A6AF8008E6FB0 /* Frameworks */,
				BDA4B6741F1A6AF8008E6FB0 /* Resources */,
			);
			buildRules = (
			);
			dependencies = (
			);
			name = babytrends;
			productName = babytrends;
			productReference = BDA4B6761F1A6AF8008E6FB0 /* babytrends.app */;
			productType = "com.apple.product-type.application";
		};
		BDA4B68C1F1A6AF9008E6FB0 /* babytrendsTests */ = {
			isa = PBXNativeTarget;
			buildConfigurationList = BDA4B6A41F1A6AF9008E6FB0 /* Build configuration list for PBXNativeTarget "babytrendsTests" */;
			buildPhases = (
				BDA4B6891F1A6AF9008E6FB0 /* Sources */,
				BDA4B68A1F1A6AF9008E6FB0 /* Frameworks */,
				BDA4B68B1F1A6AF9008E6FB0 /* Resources */,
			);
			buildRules = (
			);
			dependencies = (
				BDA4B68F1F1A6AF9008E6FB0 /* PBXTargetDependency */,
			);
			name = babytrendsTests;
			productName = babytrendsTests;
			productReference = BDA4B68D1F1A6AF9008E6FB0 /* babytrendsTests.xctest */;
			productType = "com.apple.product-type.bundle.unit-test";
		};
		BDA4B6971F1A6AF9008E6FB0 /* babytrendsUITests */ = {
			isa = PBXNativeTarget;
			buildConfigurationList = BDA4B6A71F1A6AF9008E6FB0 /* Build configuration list for PBXNativeTarget "babytrendsUITests" */;
			buildPhases = (
				BDA4B6941F1A6AF9008E6FB0 /* Sources */,
				BDA4B6951F1A6AF9008E6FB0 /* Frameworks */,
				BDA4B6961F1A6AF9008E6FB0 /* Resources */,
			);
			buildRules = (
			);
			dependencies = (
				BDA4B69A1F1A6AF9008E6FB0 /* PBXTargetDependency */,
			);
			name = babytrendsUITests;
			productName = babytrendsUITests;
			productReference = BDA4B6981F1A6AF9008E6FB0 /* babytrendsUITests.xctest */;
			productType = "com.apple.product-type.bundle.ui-testing";
		};
/* End PBXNativeTarget section */

/* Begin PBXProject section */
		BDA4B66E1F1A6AF8008E6FB0 /* Project object */ = {
			isa = PBXProject;
			attributes = {
				LastSwiftUpdateCheck = 0830;
				LastUpgradeCheck = 0830;
				ORGANIZATIONNAME = "Alan Morris";
				TargetAttributes = {
					BDA4B6751F1A6AF8008E6FB0 = {
						CreatedOnToolsVersion = 8.3.3;
						DevelopmentTeam = 7XQKS55FJ8;
						ProvisioningStyle = Automatic;
					};
					BDA4B68C1F1A6AF9008E6FB0 = {
						CreatedOnToolsVersion = 8.3.3;
						DevelopmentTeam = 7XQKS55FJ8;
						ProvisioningStyle = Automatic;
						TestTargetID = BDA4B6751F1A6AF8008E6FB0;
					};
					BDA4B6971F1A6AF9008E6FB0 = {
						CreatedOnToolsVersion = 8.3.3;
						DevelopmentTeam = 7XQKS55FJ8;
						ProvisioningStyle = Automatic;
						TestTargetID = BDA4B6751F1A6AF8008E6FB0;
					};
				};
			};
			buildConfigurationList = BDA4B6711F1A6AF8008E6FB0 /* Build configuration list for PBXProject "babytrends" */;
			compatibilityVersion = "Xcode 3.2";
			developmentRegion = English;
			hasScannedForEncodings = 0;
			knownRegions = (
				en,
				Base,
			);
			mainGroup = BDA4B66D1F1A6AF8008E6FB0;
			productRefGroup = BDA4B6771F1A6AF8008E6FB0 /* Products */;
			projectDirPath = "";
			projectRoot = "";
			targets = (
				BDA4B6751F1A6AF8008E6FB0 /* babytrends */,
				BDA4B68C1F1A6AF9008E6FB0 /* babytrendsTests */,
				BDA4B6971F1A6AF9008E6FB0 /* babytrendsUITests */,
			);
		};
/* End PBXProject section */

/* Begin PBXResourcesBuildPhase section */
		BDA4B6741F1A6AF8008E6FB0 /* Resources */ = {
			isa = PBXResourcesBuildPhase;
			buildActionMask = 2147483647;
			files = (
				BDA4B6871F1A6AF9008E6FB0 /* LaunchScreen.storyboard in Resources */,
				BDA4B6841F1A6AF9008E6FB0 /* Assets.xcassets in Resources */,
				BDA4B67F1F1A6AF8008E6FB0 /* Main.storyboard in Resources */,
			);
			runOnlyForDeploymentPostprocessing = 0;
		};
		BDA4B68B1F1A6AF9008E6FB0 /* Resources */ = {
			isa = PBXResourcesBuildPhase;
			buildActionMask = 2147483647;
			files = (
			);
			runOnlyForDeploymentPostprocessing = 0;
		};
		BDA4B6961F1A6AF9008E6FB0 /* Resources */ = {
			isa = PBXResourcesBuildPhase;
			buildActionMask = 2147483647;
			files = (
			);
			runOnlyForDeploymentPostprocessing = 0;
		};
/* End PBXResourcesBuildPhase section */

/* Begin PBXSourcesBuildPhase section */
		BDA4B6721F1A6AF8008E6FB0 /* Sources */ = {
			isa = PBXSourcesBuildPhase;
			buildActionMask = 2147483647;
			files = (
				BDA4B6821F1A6AF9008E6FB0 /* babytrends.xcdatamodeld in Sources */,
				BDA4B67C1F1A6AF8008E6FB0 /* ViewController.swift in Sources */,
				BDA4B67A1F1A6AF8008E6FB0 /* AppDelegate.swift in Sources */,
			);
			runOnlyForDeploymentPostprocessing = 0;
		};
		BDA4B6891F1A6AF9008E6FB0 /* Sources */ = {
			isa = PBXSourcesBuildPhase;
			buildActionMask = 2147483647;
			files = (
				BDA4B6921F1A6AF9008E6FB0 /* babytrendsTests.swift in Sources */,
			);
			runOnlyForDeploymentPostprocessing = 0;
		};
		BDA4B6941F1A6AF9008E6FB0 /* Sources */ = {
			isa = PBXSourcesBuildPhase;
			buildActionMask = 2147483647;
			files = (
				BDA4B69D1F1A6AF9008E6FB0 /* babytrendsUITests.swift in Sources */,
			);
			runOnlyForDeploymentPostprocessing = 0;
		};
/* End PBXSourcesBuildPhase section */

/* Begin PBXTargetDependency section */
		BDA4B68F1F1A6AF9008E6FB0 /* PBXTargetDependency */ = {
			isa = PBXTargetDependency;
			target = BDA4B6751F1A6AF8008E6FB0 /* babytrends */;
			targetProxy = BDA4B68E1F1A6AF9008E6FB0 /* PBXContainerItemProxy */;
		};
		BDA4B69A1F1A6AF9008E6FB0 /* PBXTargetDependency */ = {
			isa = PBXTargetDependency;
			target = BDA4B6751F1A6AF8008E6FB0 /* babytrends */;
			targetProxy = BDA4B6991F1A6AF9008E6FB0 /* PBXContainerItemProxy */;
		};
/* End PBXTargetDependency section */

/* Begin PBXVariantGroup section */
		BDA4B67D1F1A6AF8008E6FB0 /* Main.storyboard */ = {
			isa = PBXVariantGroup;
			children = (
				BDA4B67E1F1A6AF8008E6FB0 /* Base */,
			);
			name = Main.storyboard;
			sourceTree = "<group>";
		};
		BDA4B6851F1A6AF9008E6FB0 /* LaunchScreen.storyboard */ = {
			isa = PBXVariantGroup;
			children = (
				BDA4B6861F1A6AF9008E6FB0 /* Base */,
			);
			name = LaunchScreen.storyboard;
			sourceTree = "<group>";
		};
/* End PBXVariantGroup section */

/* Begin XCBuildConfiguration section */
		BDA4B69F1F1A6AF9008E6FB0 /* Debug */ = {
			isa = XCBuildConfiguration;
			buildSettings = {
				ALWAYS_SEARCH_USER_PATHS = NO;
				CLANG_ANALYZER_NONNULL = YES;
				CLANG_ANALYZER_NUMBER_OBJECT_CONVERSION = YES_AGGRESSIVE;
				CLANG_CXX_LANGUAGE_STANDARD = "gnu++0x";
				CLANG_CXX_LIBRARY = "libc++";
				CLANG_ENABLE_MODULES = YES;
				CLANG_ENABLE_OBJC_ARC = YES;
				CLANG_WARN_BOOL_CONVERSION = YES;
				CLANG_WARN_CONSTANT_CONVERSION = YES;
				CLANG_WARN_DIRECT_OBJC_ISA_USAGE = YES_ERROR;
				CLANG_WARN_DOCUMENTATION_COMMENTS = YES;
				CLANG_WARN_EMPTY_BODY = YES;
				CLANG_WARN_ENUM_CONVERSION = YES;
				CLANG_WARN_INFINITE_RECURSION = YES;
				CLANG_WARN_INT_CONVERSION = YES;
				CLANG_WARN_OBJC_ROOT_CLASS = YES_ERROR;
				CLANG_WARN_SUSPICIOUS_MOVE = YES;
				CLANG_WARN_UNREACHABLE_CODE = YES;
				CLANG_WARN__DUPLICATE_METHOD_MATCH = YES;
				"CODE_SIGN_IDENTITY[sdk=iphoneos*]" = "iPhone Developer";
				COPY_PHASE_STRIP = NO;
				DEBUG_INFORMATION_FORMAT = dwarf;
				ENABLE_STRICT_OBJC_MSGSEND = YES;
				ENABLE_TESTABILITY = YES;
				GCC_C_LANGUAGE_STANDARD = gnu99;
				GCC_DYNAMIC_NO_PIC = NO;
				GCC_NO_COMMON_BLOCKS = YES;
				GCC_OPTIMIZATION_LEVEL = 0;
				GCC_PREPROCESSOR_DEFINITIONS = (
					"DEBUG=1",
					"$(inherited)",
				);
				GCC_WARN_64_TO_32_BIT_CONVERSION = YES;
				GCC_WARN_ABOUT_RETURN_TYPE = YES_ERROR;
				GCC_WARN_UNDECLARED_SELECTOR = YES;
				GCC_WARN_UNINITIALIZED_AUTOS = YES_AGGRESSIVE;
				GCC_WARN_UNUSED_FUNCTION = YES;
				GCC_WARN_UNUSED_VARIABLE = YES;
				IPHONEOS_DEPLOYMENT_TARGET = 10.3;
				MTL_ENABLE_DEBUG_INFO = YES;
				ONLY_ACTIVE_ARCH = YES;
				SDKROOT = iphoneos;
				SWIFT_ACTIVE_COMPILATION_CONDITIONS = DEBUG;
				SWIFT_OPTIMIZATION_LEVEL = "-Onone";
			};
			name = Debug;
		};
		BDA4B6A01F1A6AF9008E6FB0 /* Release */ = {
			isa = XCBuildConfiguration;
			buildSettings = {
				ALWAYS_SEARCH_USER_PATHS = NO;
				CLANG_ANALYZER_NONNULL = YES;
				CLANG_ANALYZER_NUMBER_OBJECT_CONVERSION = YES_AGGRESSIVE;
				CLANG_CXX_LANGUAGE_STANDARD = "gnu++0x";
				CLANG_CXX_LIBRARY = "libc++";
				CLANG_ENABLE_MODULES = YES;
				CLANG_ENABLE_OBJC_ARC = YES;
				CLANG_WARN_BOOL_CONVERSION = YES;
				CLANG_WARN_CONSTANT_CONVERSION = YES;
				CLANG_WARN_DIRECT_OBJC_ISA_USAGE = YES_ERROR;
				CLANG_WARN_DOCUMENTATION_COMMENTS = YES;
				CLANG_WARN_EMPTY_BODY = YES;
				CLANG_WARN_ENUM_CONVERSION = YES;
				CLANG_WARN_INFINITE_RECURSION = YES;
				CLANG_WARN_INT_CONVERSION = YES;
				CLANG_WARN_OBJC_ROOT_CLASS = YES_ERROR;
				CLANG_WARN_SUSPICIOUS_MOVE = YES;
				CLANG_WARN_UNREACHABLE_CODE = YES;
				CLANG_WARN__DUPLICATE_METHOD_MATCH = YES;
				"CODE_SIGN_IDENTITY[sdk=iphoneos*]" = "iPhone Developer";
				COPY_PHASE_STRIP = NO;
				DEBUG_INFORMATION_FORMAT = "dwarf-with-dsym";
				ENABLE_NS_ASSERTIONS = NO;
				ENABLE_STRICT_OBJC_MSGSEND = YES;
				GCC_C_LANGUAGE_STANDARD = gnu99;
				GCC_NO_COMMON_BLOCKS = YES;
				GCC_WARN_64_TO_32_BIT_CONVERSION = YES;
				GCC_WARN_ABOUT_RETURN_TYPE = YES_ERROR;
				GCC_WARN_UNDECLARED_SELECTOR = YES;
				GCC_WARN_UNINITIALIZED_AUTOS = YES_AGGRESSIVE;
				GCC_WARN_UNUSED_FUNCTION = YES;
				GCC_WARN_UNUSED_VARIABLE = YES;
				IPHONEOS_DEPLOYMENT_TARGET = 10.3;
				MTL_ENABLE_DEBUG_INFO = NO;
				SDKROOT = iphoneos;
				SWIFT_OPTIMIZATION_LEVEL = "-Owholemodule";
				VALIDATE_PRODUCT = YES;
			};
			name = Release;
		};
		BDA4B6A21F1A6AF9008E6FB0 /* Debug */ = {
			isa = XCBuildConfiguration;
			buildSettings = {
				ASSETCATALOG_COMPILER_APPICON_NAME = AppIcon;
				DEVELOPMENT_TEAM = 7XQKS55FJ8;
				INFOPLIST_FILE = babytrends/Info.plist;
				LD_RUNPATH_SEARCH_PATHS = "$(inherited) @executable_path/Frameworks";
				PRODUCT_BUNDLE_IDENTIFIER = me.alanmorris.babytrends;
				PRODUCT_NAME = "$(TARGET_NAME)";
				SWIFT_VERSION = 3.0;
			};
			name = Debug;
		};
		BDA4B6A31F1A6AF9008E6FB0 /* Release */ = {
			isa = XCBuildConfiguration;
			buildSettings = {
				ASSETCATALOG_COMPILER_APPICON_NAME = AppIcon;
				DEVELOPMENT_TEAM = 7XQKS55FJ8;
				INFOPLIST_FILE = babytrends/Info.plist;
				LD_RUNPATH_SEARCH_PATHS = "$(inherited) @executable_path/Frameworks";
				PRODUCT_BUNDLE_IDENTIFIER = me.alanmorris.babytrends;
				PRODUCT_NAME = "$(TARGET_NAME)";
				SWIFT_VERSION = 3.0;
			};
			name = Release;
		};
		BDA4B6A51F1A6AF9008E6FB0 /* Debug */ = {
			isa = XCBuildConfiguration;
			buildSettings = {
				ALWAYS_EMBED_SWIFT_STANDARD_LIBRARIES = YES;
				BUNDLE_LOADER = "$(TEST_HOST)";
				DEVELOPMENT_TEAM = 7XQKS55FJ8;
				INFOPLIST_FILE = babytrendsTests/Info.plist;
				LD_RUNPATH_SEARCH_PATHS = "$(inherited) @executable_path/Frameworks @loader_path/Frameworks";
				PRODUCT_BUNDLE_IDENTIFIER = me.alanmorris.babytrendsTests;
				PRODUCT_NAME = "$(TARGET_NAME)";
				SWIFT_VERSION = 3.0;
				TEST_HOST = "$(BUILT_PRODUCTS_DIR)/babytrends.app/babytrends";
			};
			name = Debug;
		};
		BDA4B6A61F1A6AF9008E6FB0 /* Release */ = {
			isa = XCBuildConfiguration;
			buildSettings = {
				ALWAYS_EMBED_SWIFT_STANDARD_LIBRARIES = YES;
				BUNDLE_LOADER = "$(TEST_HOST)";
				DEVELOPMENT_TEAM = 7XQKS55FJ8;
				INFOPLIST_FILE = babytrendsTests/Info.plist;
				LD_RUNPATH_SEARCH_PATHS = "$(inherited) @executable_path/Frameworks @loader_path/Frameworks";
				PRODUCT_BUNDLE_IDENTIFIER = me.alanmorris.babytrendsTests;
				PRODUCT_NAME = "$(TARGET_NAME)";
				SWIFT_VERSION = 3.0;
				TEST_HOST = "$(BUILT_PRODUCTS_DIR)/babytrends.app/babytrends";
			};
			name = Release;
		};
		BDA4B6A81F1A6AF9008E6FB0 /* Debug */ = {
			isa = XCBuildConfiguration;
			buildSettings = {
				ALWAYS_EMBED_SWIFT_STANDARD_LIBRARIES = YES;
				DEVELOPMENT_TEAM = 7XQKS55FJ8;
				INFOPLIST_FILE = babytrendsUITests/Info.plist;
				LD_RUNPATH_SEARCH_PATHS = "$(inherited) @executable_path/Frameworks @loader_path/Frameworks";
				PRODUCT_BUNDLE_IDENTIFIER = me.alanmorris.babytrendsUITests;
				PRODUCT_NAME = "$(TARGET_NAME)";
				SWIFT_VERSION = 3.0;
				TEST_TARGET_NAME = babytrends;
			};
			name = Debug;
		};
		BDA4B6A91F1A6AF9008E6FB0 /* Release */ = {
			isa = XCBuildConfiguration;
			buildSettings = {
				ALWAYS_EMBED_SWIFT_STANDARD_LIBRARIES = YES;
				DEVELOPMENT_TEAM = 7XQKS55FJ8;
				INFOPLIST_FILE = babytrendsUITests/Info.plist;
				LD_RUNPATH_SEARCH_PATHS = "$(inherited) @executable_path/Frameworks @loader_path/Frameworks";
				PRODUCT_BUNDLE_IDENTIFIER = me.alanmorris.babytrendsUITests;
				PRODUCT_NAME = "$(TARGET_NAME)";
				SWIFT_VERSION = 3.0;
				TEST_TARGET_NAME = babytrends;
			};
			name = Release;
		};
/* End XCBuildConfiguration section */

/* Begin XCConfigurationList section */
		BDA4B6711F1A6AF8008E6FB0 /* Build configuration list for PBXProject "babytrends" */ = {
			isa = XCConfigurationList;
			buildConfigurations = (
				BDA4B69F1F1A6AF9008E6FB0 /* Debug */,
				BDA4B6A01F1A6AF9008E6FB0 /* Release */,
			);
			defaultConfigurationIsVisible = 0;
			defaultConfigurationName = Release;
		};
		BDA4B6A11F1A6AF9008E6FB0 /* Build configuration list for PBXNativeTarget "babytrends" */ = {
			isa = XCConfigurationList;
			buildConfigurations = (
				BDA4B6A21F1A6AF9008E6FB0 /* Debug */,
				BDA4B6A31F1A6AF9008E6FB0 /* Release */,
			);
			defaultConfigurationIsVisible = 0;
		};
		BDA4B6A41F1A6AF9008E6FB0 /* Build configuration list for PBXNativeTarget "babytrendsTests" */ = {
			isa = XCConfigurationList;
			buildConfigurations = (
				BDA4B6A51F1A6AF9008E6FB0 /* Debug */,
				BDA4B6A61F1A6AF9008E6FB0 /* Release */,
			);
			defaultConfigurationIsVisible = 0;
		};
		BDA4B6A71F1A6AF9008E6FB0 /* Build configuration list for PBXNativeTarget "babytrendsUITests" */ = {
			isa = XCConfigurationList;
			buildConfigurations = (
				BDA4B6A81F1A6AF9008E6FB0 /* Debug */,
				BDA4B6A91F1A6AF9008E6FB0 /* Release */,
			);
			defaultConfigurationIsVisible = 0;
		};
/* End XCConfigurationList section */

/* Begin XCVersionGroup section */
		BDA4B6801F1A6AF8008E6FB0 /* babytrends.xcdatamodeld */ = {
			isa = XCVersionGroup;
			children = (
				BDA4B6811F1A6AF8008E6FB0 /* babytrends.xcdatamodel */,
			);
			currentVersion = BDA4B6811F1A6AF8008E6FB0 /* babytrends.xcdatamodel */;
			path = babytrends.xcdatamodeld;
			sourceTree = "<group>";
			versionGroupType = wrapper.xcdatamodel;
		};
/* End XCVersionGroup section */
	};
	rootObject = BDA4B66E1F1A6AF8008E6FB0 /* Project object */;
}
